# This file was autogenerated by Stack.
# You should not edit this file by hand.
# For more information, please see the documentation at:
#   https://docs.haskellstack.org/en/stable/lock_files

packages:
- completed:
    size: 69262
    url: https://github.com/alex-ozdemir/haskell-z3/archive/6366ff55d377dcb27451be522692475c2030f41c.tar.gz
    name: z3
    version: '408.0'
    sha256: 80e780e97bdd00496ed75b35c92ede77a088ee58a11b06c2c6b58d3b1e0027af
    pantry-tree:
      size: 1525
      sha256: 86356047d818f2ff9b74f8e9ac7baedbb94a0c0e16fb8e69533cee9c5ad373e7
  original:
    url: https://github.com/alex-ozdemir/haskell-z3/archive/6366ff55d377dcb27451be522692475c2030f41c.tar.gz
- completed:
    hackage: arithmoi-0.11.0.1@sha256:5cb0d81848d25b20e58c1426bf1ff9dc4137efc182c9c4c567102e5fa16f1079,7639
    pantry-tree:
      size: 10135
      sha256: 411702e6277e708f7567b398b676cf75d38d12114f6b5932a895ce835b362b3d
  original:
    hackage: arithmoi-0.11.0.1@sha256:5cb0d81848d25b20e58c1426bf1ff9dc4137efc182c9c4c567102e5fa16f1079,7639
- completed:
    hackage: galois-field-1.0.2@sha256:ecfdd72259a3db7dc89ddeaa5c5dd7d7bcc305c0450a89c757d93fe2ddb71c77,4685
    pantry-tree:
      size: 1451
      sha256: 4b3eecd9ca434ee37785a1f3c4312c76760d9b79de05048fa17b0878c30f503c
  original:
    hackage: galois-field-1.0.2@sha256:ecfdd72259a3db7dc89ddeaa5c5dd7d7bcc305c0450a89c757d93fe2ddb71c77,4685
- completed:
    hackage: ghc-typelits-knownnat-0.7.2@sha256:63054c8108f21a4bc5ace477227476b72a4e3792f35f37f2d406eef262ae4346,4711
    pantry-tree:
      size: 602
      sha256: 9267f4f6bcd9cf66db26b223c3da7f4f4a883a07af3d6bf26ae6e2157e237972
  original:
    hackage: ghc-typelits-knownnat-0.7.2@sha256:63054c8108f21a4bc5ace477227476b72a4e3792f35f37f2d406eef262ae4346,4711
- completed:
    hackage: llvm-hs-9.0.1@sha256:ee6ec2eb8cba4daf2a43586388a87dbfd6a2ec6d81d1f9965896ac187acad286,8700
    pantry-tree:
      size: 13599
      sha256: 537616dec1351bd9f7905182f82f132359cf3058ebbb059c03b4edcef04b2689
  original:
    hackage: llvm-hs-9.0.1@sha256:ee6ec2eb8cba4daf2a43586388a87dbfd6a2ec6d81d1f9965896ac187acad286,8700
- completed:
    hackage: llvm-hs-pure-9.0.0@sha256:134779f40086a366279f678e670b610d7a7618b28dd43f65894078fd20e04629,2945
    pantry-tree:
      size: 2600
      sha256: f1a83aa959b69b72342997fc4fdc352086bc3b9f306cfb6a4c8bbc850d36b4fb
  original:
    hackage: llvm-hs-pure-9.0.0@sha256:134779f40086a366279f678e670b610d7a7618b28dd43f65894078fd20e04629,2945
- completed:
    hackage: chimera-0.3.1.0@sha256:1cacfe53e2ce9eda0eec6ae8b51af6c5626e0202333c08080f87d30bf9ed8b19,2525
    pantry-tree:
      size: 637
      sha256: b4a6ef4d4eed677e23e5932b8f187533ba2efece7410005ffcbdcec4c98e1df8
  original:
    hackage: chimera-0.3.1.0@sha256:1cacfe53e2ce9eda0eec6ae8b51af6c5626e0202333c08080f87d30bf9ed8b19,2525
- completed:
    hackage: ghc-typelits-natnormalise-0.7.2@sha256:0fc48a3744aa25e5e53a054a8bb1fe6410752e497f446d75db9bd67bb258d05e,3495
    pantry-tree:
      size: 609
      sha256: 08645cba16a116cba18f2ba0bcc6d1721a3ad77720a0717a9f2caa78c5e8f48b
  original:
    hackage: ghc-typelits-natnormalise-0.7.2@sha256:0fc48a3744aa25e5e53a054a8bb1fe6410752e497f446d75db9bd67bb258d05e,3495
- completed:
    hackage: integer-roots-1.0@sha256:5ea7ecb80633fb05a8a36acd40e9da6fe22a6cef320b1310cb9f0330801ac124,2271
    pantry-tree:
      size: 1543
      sha256: f783228151085419e8ea328580aa4a4feec5d97b5ec7e14f893e239844fef9e4
  original:
    hackage: integer-roots-1.0@sha256:5ea7ecb80633fb05a8a36acd40e9da6fe22a6cef320b1310cb9f0330801ac124,2271
- completed:
    hackage: mod-0.1.2.0@sha256:4c331986c46808d89da590d791841f046509041c849c4254b0872c72284f73ad,2202
    pantry-tree:
      size: 466
      sha256: e98a21bc2bdaba7dfba0aeb33d7b2ed5472cd496aea38098b40bac665171cefb
  original:
    hackage: mod-0.1.2.0@sha256:4c331986c46808d89da590d791841f046509041c849c4254b0872c72284f73ad,2202
- completed:
    hackage: poly-0.4.0.0@sha256:75c243113712745dab5d2f4a52643705e146473770af212f9e0ce3d87a83f2ed,2123
    pantry-tree:
      size: 1896
      sha256: 06f435980848905d2bcf23b85782863b1608f7a78dbdaea42e33a2e865adf476
  original:
    hackage: poly-0.4.0.0@sha256:75c243113712745dab5d2f4a52643705e146473770af212f9e0ce3d87a83f2ed,2123
- completed:
    hackage: semirings-0.5.4@sha256:5bd49c52a22c876c93d030cafa96b1233e9e7c42dacbe9f49686574368578c9c,2998
    pantry-tree:
      size: 610
      sha256: 83e891acded173adc21b1bcce537f70f82d4b835fb42a41838ddf58d7bde7c7b
  original:
    hackage: semirings-0.5.4@sha256:5bd49c52a22c876c93d030cafa96b1233e9e7c42dacbe9f49686574368578c9c,2998
snapshots:
- completed:
    size: 524996
    url: https://raw.githubusercontent.com/commercialhaskell/stackage-snapshots/master/lts/14/27.yaml
    sha256: 7ea31a280c56bf36ff591a7397cc384d0dff622e7f9e4225b47d8980f019a0f0
  original: lts-14.27
